
Microsoft Visual Studio Solution File, Format Version 12.00
# Visual Studio Version 17
VisualStudioVersion = 17.9.34622.214
MinimumVisualStudioVersion = 10.0.40219.1
Project("{FAE04EC0-301F-11D3-BF4B-00C04F79EFBC}") = "TuitionPaymentSystem", "TuitionPaymentSystem\TuitionPaymentSystem.csproj", "{8B894BEC-A7C2-4D73-B768-4C517B1F3A61}"
EndProject
Project("{2150E333-8FDC-42A3-9474-1A3956D46DE8}") = "Solution Items", "Solution Items", "{37636230-6A8E-4536-AFBF-FBCBC667359E}"
	ProjectSection(SolutionItems) = preProject
		.editorconfig = .editorconfig
	EndProjectSection
EndProject
Global
	GlobalSection(SolutionConfigurationPlatforms) = preSolution
		Debug|Any CPU = Debug|Any CPU
		Release|Any CPU = Release|Any CPU
	EndGlobalSection
	GlobalSection(ProjectConfigurationPlatforms) = postSolution
		{8B894BEC-A7C2-4D73-B768-4C517B1F3A61}.Debug|Any CPU.ActiveCfg = Debug|Any CPU
		{8B894BEC-A7C2-4D73-B768-4C517B1F3A61}.Debug|Any CPU.Build.0 = Debug|Any CPU
		{8B894BEC-A7C2-4D73-B768-4C517B1F3A61}.Release|Any CPU.ActiveCfg = Release|Any CPU
		{8B894BEC-A7C2-4D73-B768-4C517B1F3A61}.Release|Any CPU.Build.0 = Release|Any CPU
	EndGlobalSection
	GlobalSection(SolutionProperties) = preSolution
		HideSolutionNode = FALSE
	EndGlobalSection
	GlobalSection(ExtensibilityGlobals) = postSolution
		SolutionGuid = {F565875A-A4DA-43A4-90B7-9BB94511E737}
	EndGlobalSection
EndGlobal
